
Microsoft Visual Studio Solution File, Format Version 12.00
# Visual Studio 15
VisualStudioVersion = 15.0.27428.2037
MinimumVisualStudioVersion = 10.0.40219.1
Project("{FAE04EC0-301F-11D3-BF4B-00C04F79EFBC}") = "AJAXLibraryApp", "AJAXLibraryApp\AJAXLibraryApp.csproj", "{6380123C-7825-4E98-866F-2D3550FDB130}"
EndProject
Global
	GlobalSection(SolutionConfigurationPlatforms) = preSolution
		Debug|Any CPU = Debug|Any CPU
		Release|Any CPU = Release|Any CPU
	EndGlobalSection
	GlobalSection(ProjectConfigurationPlatforms) = postSolution
		{6380123C-7825-4E98-866F-2D3550FDB130}.Debug|Any CPU.ActiveCfg = Debug|Any CPU
		{6380123C-7825-4E98-866F-2D3550FDB130}.Debug|Any CPU.Build.0 = Debug|Any CPU
		{6380123C-7825-4E98-866F-2D3550FDB130}.Release|Any CPU.ActiveCfg = Release|Any CPU
		{6380123C-7825-4E98-866F-2D3550FDB130}.Release|Any CPU.Build.0 = Release|Any CPU
	EndGlobalSection
	GlobalSection(SolutionProperties) = preSolution
		HideSolutionNode = FALSE
	EndGlobalSection
	GlobalSection(ExtensibilityGlobals) = postSolution
		SolutionGuid = {CCAAB4AF-C485-4638-A17F-6427201D173F}
	EndGlobalSection
EndGlobal
